
Microsoft Visual Studio Solution File, Format Version 12.00
# Visual Studio Version 17
VisualStudioVersion = 17.0.31903.59
MinimumVisualStudioVersion = 10.0.40219.1
Project("{2150E333-8FDC-42A3-9474-1A3956D46DE8}") = "tests", "tests", "{0AB3BF05-4346-4AA6-1389-037BE0695223}"
EndProject
Project("{FAE04EC0-301F-11D3-BF4B-00C04F79EFBC}") = "SignalAtlas.UnitTests", "tests\SignalAtlas.UnitTests\SignalAtlas.UnitTests.csproj", "{4992B6D1-3EE7-453E-A328-159FCB48B193}"
EndProject
Project("{2150E333-8FDC-42A3-9474-1A3956D46DE8}") = "src", "src", "{827E0CD3-B72D-47B6-A68D-7590B98EB39B}"
EndProject
Project("{FAE04EC0-301F-11D3-BF4B-00C04F79EFBC}") = "SignalAtlas.Core", "src\SignalAtlas.Core\SignalAtlas.Core.csproj", "{2C164718-96FF-4959-9BB4-6BCB6A999A79}"
EndProject
Project("{FAE04EC0-301F-11D3-BF4B-00C04F79EFBC}") = "SignalAtlas.Data", "src\SignalAtlas.Data\SignalAtlas.Data.csproj", "{A794D7B6-1F34-4207-99D4-63F70670F807}"
EndProject
Project("{FAE04EC0-301F-11D3-BF4B-00C04F79EFBC}") = "SignalAtlas.Collectors", "src\SignalAtlas.Collectors\SignalAtlas.Collectors.csproj", "{491162AC-27C1-4888-82DC-35917DA4D46F}"
EndProject
Project("{FAE04EC0-301F-11D3-BF4B-00C04F79EFBC}") = "SignalAtlas.Resources", "src\SignalAtlas.Resources\SignalAtlas.Resources.csproj", "{5E934065-EB81-4DFB-9095-D9EF774FBC8C}"
EndProject
Project("{FAE04EC0-301F-11D3-BF4B-00C04F79EFBC}") = "SignalAtlas.Reporting", "src\SignalAtlas.Reporting\SignalAtlas.Reporting.csproj", "{0B19BFB7-4596-4C51-B305-AD78CFAD3D7A}"
EndProject
Project("{FAE04EC0-301F-11D3-BF4B-00C04F79EFBC}") = "SignalAtlas.Worker", "src\SignalAtlas.Worker\SignalAtlas.Worker.csproj", "{5E7B9E6C-7D8D-497C-94E1-73BB85C6A930}"
EndProject
Project("{FAE04EC0-301F-11D3-BF4B-00C04F79EFBC}") = "SignalAtlas.LmStudio", "src\SignalAtlas.LmStudio\SignalAtlas.LmStudio.csproj", "{47AABC7A-44FE-407C-A00B-4554921396C7}"
EndProject
Project("{FAE04EC0-301F-11D3-BF4B-00C04F79EFBC}") = "SignalAtlas.Diagnostics", "src\SignalAtlas.Diagnostics\SignalAtlas.Diagnostics.csproj", "{196F2752-05DA-41D9-80AE-F13F645AD322}"
EndProject
Project("{FAE04EC0-301F-11D3-BF4B-00C04F79EFBC}") = "SignalAtlas.Runner", "src\SignalAtlas.Runner\SignalAtlas.Runner.csproj", "{CD00FAD7-1BB4-4153-A74F-D2B364C711F5}"
EndProject
Project("{FAE04EC0-301F-11D3-BF4B-00C04F79EFBC}") = "SignalAtlas.App", "src\SignalAtlas.App\SignalAtlas.App.csproj", "{AAEAB0A7-9C9E-4B21-9ED9-52CF8E8F4CFC}"
EndProject
Project("{FAE04EC0-301F-11D3-BF4B-00C04F79EFBC}") = "SignalAtlas.OpenAI", "src\SignalAtlas.OpenAI\SignalAtlas.OpenAI.csproj", "{3468D579-F845-4ED0-B7C8-B298D9CC73C7}"
EndProject
Global
	GlobalSection(SolutionConfigurationPlatforms) = preSolution
		Debug|Any CPU = Debug|Any CPU
		Debug|x64 = Debug|x64
		Debug|x86 = Debug|x86
		Release|Any CPU = Release|Any CPU
		Release|x64 = Release|x64
		Release|x86 = Release|x86
	EndGlobalSection
	GlobalSection(ProjectConfigurationPlatforms) = postSolution
		{4992B6D1-3EE7-453E-A328-159FCB48B193}.Debug|Any CPU.ActiveCfg = Debug|Any CPU
		{4992B6D1-3EE7-453E-A328-159FCB48B193}.Debug|Any CPU.Build.0 = Debug|Any CPU
		{4992B6D1-3EE7-453E-A328-159FCB48B193}.Debug|x64.ActiveCfg = Debug|Any CPU
		{4992B6D1-3EE7-453E-A328-159FCB48B193}.Debug|x64.Build.0 = Debug|Any CPU
		{4992B6D1-3EE7-453E-A328-159FCB48B193}.Debug|x86.ActiveCfg = Debug|Any CPU
		{4992B6D1-3EE7-453E-A328-159FCB48B193}.Debug|x86.Build.0 = Debug|Any CPU
		{4992B6D1-3EE7-453E-A328-159FCB48B193}.Release|Any CPU.ActiveCfg = Release|Any CPU
		{4992B6D1-3EE7-453E-A328-159FCB48B193}.Release|Any CPU.Build.0 = Release|Any CPU
		{4992B6D1-3EE7-453E-A328-159FCB48B193}.Release|x64.ActiveCfg = Release|Any CPU
		{4992B6D1-3EE7-453E-A328-159FCB48B193}.Release|x64.Build.0 = Release|Any CPU
		{4992B6D1-3EE7-453E-A328-159FCB48B193}.Release|x86.ActiveCfg = Release|Any CPU
		{4992B6D1-3EE7-453E-A328-159FCB48B193}.Release|x86.Build.0 = Release|Any CPU
		{2C164718-96FF-4959-9BB4-6BCB6A999A79}.Debug|Any CPU.ActiveCfg = Debug|Any CPU
		{2C164718-96FF-4959-9BB4-6BCB6A999A79}.Debug|Any CPU.Build.0 = Debug|Any CPU
		{2C164718-96FF-4959-9BB4-6BCB6A999A79}.Debug|x64.ActiveCfg = Debug|Any CPU
		{2C164718-96FF-4959-9BB4-6BCB6A999A79}.Debug|x64.Build.0 = Debug|Any CPU
		{2C164718-96FF-4959-9BB4-6BCB6A999A79}.Debug|x86.ActiveCfg = Debug|Any CPU
		{2C164718-96FF-4959-9BB4-6BCB6A999A79}.Debug|x86.Build.0 = Debug|Any CPU
		{2C164718-96FF-4959-9BB4-6BCB6A999A79}.Release|Any CPU.ActiveCfg = Release|Any CPU
		{2C164718-96FF-4959-9BB4-6BCB6A999A79}.Release|Any CPU.Build.0 = Release|Any CPU
		{2C164718-96FF-4959-9BB4-6BCB6A999A79}.Release|x64.ActiveCfg = Release|Any CPU
		{2C164718-96FF-4959-9BB4-6BCB6A999A79}.Release|x64.Build.0 = Release|Any CPU
		{2C164718-96FF-4959-9BB4-6BCB6A999A79}.Release|x86.ActiveCfg = Release|Any CPU
		{2C164718-96FF-4959-9BB4-6BCB6A999A79}.Release|x86.Build.0 = Release|Any CPU
		{A794D7B6-1F34-4207-99D4-63F70670F807}.Debug|Any CPU.ActiveCfg = Debug|Any CPU
		{A794D7B6-1F34-4207-99D4-63F70670F807}.Debug|Any CPU.Build.0 = Debug|Any CPU
		{A794D7B6-1F34-4207-99D4-63F70670F807}.Debug|x64.ActiveCfg = Debug|Any CPU
		{A794D7B6-1F34-4207-99D4-63F70670F807}.Debug|x64.Build.0 = Debug|Any CPU
		{A794D7B6-1F34-4207-99D4-63F70670F807}.Debug|x86.ActiveCfg = Debug|Any CPU
		{A794D7B6-1F34-4207-99D4-63F70670F807}.Debug|x86.Build.0 = Debug|Any CPU
		{A794D7B6-1F34-4207-99D4-63F70670F807}.Release|Any CPU.ActiveCfg = Release|Any CPU
		{A794D7B6-1F34-4207-99D4-63F70670F807}.Release|Any CPU.Build.0 = Release|Any CPU
		{A794D7B6-1F34-4207-99D4-63F70670F807}.Release|x64.ActiveCfg = Release|Any CPU
		{A794D7B6-1F34-4207-99D4-63F70670F807}.Release|x64.Build.0 = Release|Any CPU
		{A794D7B6-1F34-4207-99D4-63F70670F807}.Release|x86.ActiveCfg = Release|Any CPU
		{A794D7B6-1F34-4207-99D4-63F70670F807}.Release|x86.Build.0 = Release|Any CPU
		{491162AC-27C1-4888-82DC-35917DA4D46F}.Debug|Any CPU.ActiveCfg = Debug|Any CPU
		{491162AC-27C1-4888-82DC-35917DA4D46F}.Debug|Any CPU.Build.0 = Debug|Any CPU
		{491162AC-27C1-4888-82DC-35917DA4D46F}.Debug|x64.ActiveCfg = Debug|Any CPU
		{491162AC-27C1-4888-82DC-35917DA4D46F}.Debug|x64.Build.0 = Debug|Any CPU
		{491162AC-27C1-4888-82DC-35917DA4D46F}.Debug|x86.ActiveCfg = Debug|Any CPU
		{491162AC-27C1-4888-82DC-35917DA4D46F}.Debug|x86.Build.0 = Debug|Any CPU
		{491162AC-27C1-4888-82DC-35917DA4D46F}.Release|Any CPU.ActiveCfg = Release|Any CPU
		{491162AC-27C1-4888-82DC-35917DA4D46F}.Release|Any CPU.Build.0 = Release|Any CPU
		{491162AC-27C1-4888-82DC-35917DA4D46F}.Release|x64.ActiveCfg = Release|Any CPU
		{491162AC-27C1-4888-82DC-35917DA4D46F}.Release|x64.Build.0 = Release|Any CPU
		{491162AC-27C1-4888-82DC-35917DA4D46F}.Release|x86.ActiveCfg = Release|Any CPU
		{491162AC-27C1-4888-82DC-35917DA4D46F}.Release|x86.Build.0 = Release|Any CPU
		{5E934065-EB81-4DFB-9095-D9EF774FBC8C}.Debug|Any CPU.ActiveCfg = Debug|Any CPU
		{5E934065-EB81-4DFB-9095-D9EF774FBC8C}.Debug|Any CPU.Build.0 = Debug|Any CPU
		{5E934065-EB81-4DFB-9095-D9EF774FBC8C}.Debug|x64.ActiveCfg = Debug|Any CPU
		{5E934065-EB81-4DFB-9095-D9EF774FBC8C}.Debug|x64.Build.0 = Debug|Any CPU
		{5E934065-EB81-4DFB-9095-D9EF774FBC8C}.Debug|x86.ActiveCfg = Debug|Any CPU
		{5E934065-EB81-4DFB-9095-D9EF774FBC8C}.Debug|x86.Build.0 = Debug|Any CPU
		{5E934065-EB81-4DFB-9095-D9EF774FBC8C}.Release|Any CPU.ActiveCfg = Release|Any CPU
		{5E934065-EB81-4DFB-9095-D9EF774FBC8C}.Release|Any CPU.Build.0 = Release|Any CPU
		{5E934065-EB81-4DFB-9095-D9EF774FBC8C}.Release|x64.ActiveCfg = Release|Any CPU
		{5E934065-EB81-4DFB-9095-D9EF774FBC8C}.Release|x64.Build.0 = Release|Any CPU
		{5E934065-EB81-4DFB-9095-D9EF774FBC8C}.Release|x86.ActiveCfg = Release|Any CPU
		{5E934065-EB81-4DFB-9095-D9EF774FBC8C}.Release|x86.Build.0 = Release|Any CPU
		{0B19BFB7-4596-4C51-B305-AD78CFAD3D7A}.Debug|Any CPU.ActiveCfg = Debug|Any CPU
		{0B19BFB7-4596-4C51-B305-AD78CFAD3D7A}.Debug|Any CPU.Build.0 = Debug|Any CPU
		{0B19BFB7-4596-4C51-B305-AD78CFAD3D7A}.Debug|x64.ActiveCfg = Debug|Any CPU
		{0B19BFB7-4596-4C51-B305-AD78CFAD3D7A}.Debug|x64.Build.0 = Debug|Any CPU
		{0B19BFB7-4596-4C51-B305-AD78CFAD3D7A}.Debug|x86.ActiveCfg = Debug|Any CPU
		{0B19BFB7-4596-4C51-B305-AD78CFAD3D7A}.Debug|x86.Build.0 = Debug|Any CPU
		{0B19BFB7-4596-4C51-B305-AD78CFAD3D7A}.Release|Any CPU.ActiveCfg = Release|Any CPU
		{0B19BFB7-4596-4C51-B305-AD78CFAD3D7A}.Release|Any CPU.Build.0 = Release|Any CPU
		{0B19BFB7-4596-4C51-B305-AD78CFAD3D7A}.Release|x64.ActiveCfg = Release|Any CPU
		{0B19BFB7-4596-4C51-B305-AD78CFAD3D7A}.Release|x64.Build.0 = Release|Any CPU
		{0B19BFB7-4596-4C51-B305-AD78CFAD3D7A}.Release|x86.ActiveCfg = Release|Any CPU
		{0B19BFB7-4596-4C51-B305-AD78CFAD3D7A}.Release|x86.Build.0 = Release|Any CPU
		{5E7B9E6C-7D8D-497C-94E1-73BB85C6A930}.Debug|Any CPU.ActiveCfg = Debug|Any CPU
		{5E7B9E6C-7D8D-497C-94E1-73BB85C6A930}.Debug|Any CPU.Build.0 = Debug|Any CPU
		{5E7B9E6C-7D8D-497C-94E1-73BB85C6A930}.Debug|x64.ActiveCfg = Debug|Any CPU
		{5E7B9E6C-7D8D-497C-94E1-73BB85C6A930}.Debug|x64.Build.0 = Debug|Any CPU
		{5E7B9E6C-7D8D-497C-94E1-73BB85C6A930}.Debug|x86.ActiveCfg = Debug|Any CPU
		{5E7B9E6C-7D8D-497C-94E1-73BB85C6A930}.Debug|x86.Build.0 = Debug|Any CPU
		{5E7B9E6C-7D8D-497C-94E1-73BB85C6A930}.Release|Any CPU.ActiveCfg = Release|Any CPU
		{5E7B9E6C-7D8D-497C-94E1-73BB85C6A930}.Release|Any CPU.Build.0 = Release|Any CPU
		{5E7B9E6C-7D8D-497C-94E1-73BB85C6A930}.Release|x64.ActiveCfg = Release|Any CPU
		{5E7B9E6C-7D8D-497C-94E1-73BB85C6A930}.Release|x64.Build.0 = Release|Any CPU
		{5E7B9E6C-7D8D-497C-94E1-73BB85C6A930}.Release|x86.ActiveCfg = Release|Any CPU
		{5E7B9E6C-7D8D-497C-94E1-73BB85C6A930}.Release|x86.Build.0 = Release|Any CPU
		{47AABC7A-44FE-407C-A00B-4554921396C7}.Debug|Any CPU.ActiveCfg = Debug|Any CPU
		{47AABC7A-44FE-407C-A00B-4554921396C7}.Debug|Any CPU.Build.0 = Debug|Any CPU
		{47AABC7A-44FE-407C-A00B-4554921396C7}.Debug|x64.ActiveCfg = Debug|Any CPU
		{47AABC7A-44FE-407C-A00B-4554921396C7}.Debug|x64.Build.0 = Debug|Any CPU
		{47AABC7A-44FE-407C-A00B-4554921396C7}.Debug|x86.ActiveCfg = Debug|Any CPU
		{47AABC7A-44FE-407C-A00B-4554921396C7}.Debug|x86.Build.0 = Debug|Any CPU
		{47AABC7A-44FE-407C-A00B-4554921396C7}.Release|Any CPU.ActiveCfg = Release|Any CPU
		{47AABC7A-44FE-407C-A00B-4554921396C7}.Release|Any CPU.Build.0 = Release|Any CPU
		{47AABC7A-44FE-407C-A00B-4554921396C7}.Release|x64.ActiveCfg = Release|Any CPU
		{47AABC7A-44FE-407C-A00B-4554921396C7}.Release|x64.Build.0 = Release|Any CPU
		{47AABC7A-44FE-407C-A00B-4554921396C7}.Release|x86.ActiveCfg = Release|Any CPU
		{47AABC7A-44FE-407C-A00B-4554921396C7}.Release|x86.Build.0 = Release|Any CPU
		{196F2752-05DA-41D9-80AE-F13F645AD322}.Debug|Any CPU.ActiveCfg = Debug|Any CPU
		{196F2752-05DA-41D9-80AE-F13F645AD322}.Debug|Any CPU.Build.0 = Debug|Any CPU
		{196F2752-05DA-41D9-80AE-F13F645AD322}.Debug|x64.ActiveCfg = Debug|Any CPU
		{196F2752-05DA-41D9-80AE-F13F645AD322}.Debug|x64.Build.0 = Debug|Any CPU
		{196F2752-05DA-41D9-80AE-F13F645AD322}.Debug|x86.ActiveCfg = Debug|Any CPU
		{196F2752-05DA-41D9-80AE-F13F645AD322}.Debug|x86.Build.0 = Debug|Any CPU
		{196F2752-05DA-41D9-80AE-F13F645AD322}.Release|Any CPU.ActiveCfg = Release|Any CPU
		{196F2752-05DA-41D9-80AE-F13F645AD322}.Release|Any CPU.Build.0 = Release|Any CPU
		{196F2752-05DA-41D9-80AE-F13F645AD322}.Release|x64.ActiveCfg = Release|Any CPU
		{196F2752-05DA-41D9-80AE-F13F645AD322}.Release|x64.Build.0 = Release|Any CPU
		{196F2752-05DA-41D9-80AE-F13F645AD322}.Release|x86.ActiveCfg = Release|Any CPU
		{196F2752-05DA-41D9-80AE-F13F645AD322}.Release|x86.Build.0 = Release|Any CPU
		{CD00FAD7-1BB4-4153-A74F-D2B364C711F5}.Debug|Any CPU.ActiveCfg = Debug|Any CPU
		{CD00FAD7-1BB4-4153-A74F-D2B364C711F5}.Debug|Any CPU.Build.0 = Debug|Any CPU
		{CD00FAD7-1BB4-4153-A74F-D2B364C711F5}.Debug|x64.ActiveCfg = Debug|Any CPU
		{CD00FAD7-1BB4-4153-A74F-D2B364C711F5}.Debug|x64.Build.0 = Debug|Any CPU
		{CD00FAD7-1BB4-4153-A74F-D2B364C711F5}.Debug|x86.ActiveCfg = Debug|Any CPU
		{CD00FAD7-1BB4-4153-A74F-D2B364C711F5}.Debug|x86.Build.0 = Debug|Any CPU
		{CD00FAD7-1BB4-4153-A74F-D2B364C711F5}.Release|Any CPU.ActiveCfg = Release|Any CPU
		{CD00FAD7-1BB4-4153-A74F-D2B364C711F5}.Release|Any CPU.Build.0 = Release|Any CPU
		{CD00FAD7-1BB4-4153-A74F-D2B364C711F5}.Release|x64.ActiveCfg = Release|Any CPU
		{CD00FAD7-1BB4-4153-A74F-D2B364C711F5}.Release|x64.Build.0 = Release|Any CPU
		{CD00FAD7-1BB4-4153-A74F-D2B364C711F5}.Release|x86.ActiveCfg = Release|Any CPU
		{CD00FAD7-1BB4-4153-A74F-D2B364C711F5}.Release|x86.Build.0 = Release|Any CPU
		{AAEAB0A7-9C9E-4B21-9ED9-52CF8E8F4CFC}.Debug|Any CPU.ActiveCfg = Debug|Any CPU
		{AAEAB0A7-9C9E-4B21-9ED9-52CF8E8F4CFC}.Debug|Any CPU.Build.0 = Debug|Any CPU
		{AAEAB0A7-9C9E-4B21-9ED9-52CF8E8F4CFC}.Debug|x64.ActiveCfg = Debug|Any CPU
		{AAEAB0A7-9C9E-4B21-9ED9-52CF8E8F4CFC}.Debug|x64.Build.0 = Debug|Any CPU
		{AAEAB0A7-9C9E-4B21-9ED9-52CF8E8F4CFC}.Debug|x86.ActiveCfg = Debug|Any CPU
		{AAEAB0A7-9C9E-4B21-9ED9-52CF8E8F4CFC}.Debug|x86.Build.0 = Debug|Any CPU
		{AAEAB0A7-9C9E-4B21-9ED9-52CF8E8F4CFC}.Release|Any CPU.ActiveCfg = Release|Any CPU
		{AAEAB0A7-9C9E-4B21-9ED9-52CF8E8F4CFC}.Release|Any CPU.Build.0 = Release|Any CPU
		{AAEAB0A7-9C9E-4B21-9ED9-52CF8E8F4CFC}.Release|x64.ActiveCfg = Release|Any CPU
		{AAEAB0A7-9C9E-4B21-9ED9-52CF8E8F4CFC}.Release|x64.Build.0 = Release|Any CPU
		{AAEAB0A7-9C9E-4B21-9ED9-52CF8E8F4CFC}.Release|x86.ActiveCfg = Release|Any CPU
		{AAEAB0A7-9C9E-4B21-9ED9-52CF8E8F4CFC}.Release|x86.Build.0 = Release|Any CPU
		{3468D579-F845-4ED0-B7C8-B298D9CC73C7}.Debug|Any CPU.ActiveCfg = Debug|Any CPU
		{3468D579-F845-4ED0-B7C8-B298D9CC73C7}.Debug|Any CPU.Build.0 = Debug|Any CPU
		{3468D579-F845-4ED0-B7C8-B298D9CC73C7}.Debug|x64.ActiveCfg = Debug|Any CPU
		{3468D579-F845-4ED0-B7C8-B298D9CC73C7}.Debug|x64.Build.0 = Debug|Any CPU
		{3468D579-F845-4ED0-B7C8-B298D9CC73C7}.Debug|x86.ActiveCfg = Debug|Any CPU
		{3468D579-F845-4ED0-B7C8-B298D9CC73C7}.Debug|x86.Build.0 = Debug|Any CPU
		{3468D579-F845-4ED0-B7C8-B298D9CC73C7}.Release|Any CPU.ActiveCfg = Release|Any CPU
		{3468D579-F845-4ED0-B7C8-B298D9CC73C7}.Release|Any CPU.Build.0 = Release|Any CPU
		{3468D579-F845-4ED0-B7C8-B298D9CC73C7}.Release|x64.ActiveCfg = Release|Any CPU
		{3468D579-F845-4ED0-B7C8-B298D9CC73C7}.Release|x64.Build.0 = Release|Any CPU
		{3468D579-F845-4ED0-B7C8-B298D9CC73C7}.Release|x86.ActiveCfg = Release|Any CPU
		{3468D579-F845-4ED0-B7C8-B298D9CC73C7}.Release|x86.Build.0 = Release|Any CPU
	EndGlobalSection
	GlobalSection(SolutionProperties) = preSolution
		HideSolutionNode = FALSE
	EndGlobalSection
	GlobalSection(NestedProjects) = preSolution
		{4992B6D1-3EE7-453E-A328-159FCB48B193} = {0AB3BF05-4346-4AA6-1389-037BE0695223}
		{2C164718-96FF-4959-9BB4-6BCB6A999A79} = {827E0CD3-B72D-47B6-A68D-7590B98EB39B}
		{A794D7B6-1F34-4207-99D4-63F70670F807} = {827E0CD3-B72D-47B6-A68D-7590B98EB39B}
		{491162AC-27C1-4888-82DC-35917DA4D46F} = {827E0CD3-B72D-47B6-A68D-7590B98EB39B}
		{5E934065-EB81-4DFB-9095-D9EF774FBC8C} = {827E0CD3-B72D-47B6-A68D-7590B98EB39B}
		{0B19BFB7-4596-4C51-B305-AD78CFAD3D7A} = {827E0CD3-B72D-47B6-A68D-7590B98EB39B}
		{5E7B9E6C-7D8D-497C-94E1-73BB85C6A930} = {827E0CD3-B72D-47B6-A68D-7590B98EB39B}
		{47AABC7A-44FE-407C-A00B-4554921396C7} = {827E0CD3-B72D-47B6-A68D-7590B98EB39B}
		{196F2752-05DA-41D9-80AE-F13F645AD322} = {827E0CD3-B72D-47B6-A68D-7590B98EB39B}
		{CD00FAD7-1BB4-4153-A74F-D2B364C711F5} = {827E0CD3-B72D-47B6-A68D-7590B98EB39B}
		{AAEAB0A7-9C9E-4B21-9ED9-52CF8E8F4CFC} = {827E0CD3-B72D-47B6-A68D-7590B98EB39B}
		{3468D579-F845-4ED0-B7C8-B298D9CC73C7} = {827E0CD3-B72D-47B6-A68D-7590B98EB39B}
	EndGlobalSection
EndGlobal
